
Microsoft Visual Studio Solution File, Format Version 12.00
# Visual Studio 2012
Project("{FAE04EC0-301F-11D3-BF4B-00C04F79EFBC}") = "Dir", "Dir\Dir.csproj", "{DCBAAA64-90A7-4C2D-A262-754885D1EC87}"
EndProject
Global
	GlobalSection(SolutionConfigurationPlatforms) = preSolution
		Debug|Any CPU = Debug|Any CPU
		Release|Any CPU = Release|Any CPU
	EndGlobalSection
	GlobalSection(ProjectConfigurationPlatforms) = postSolution
		{DCBAAA64-90A7-4C2D-A262-754885D1EC87}.Debug|Any CPU.ActiveCfg = Debug|Any CPU
		{DCBAAA64-90A7-4C2D-A262-754885D1EC87}.Debug|Any CPU.Build.0 = Debug|Any CPU
		{DCBAAA64-90A7-4C2D-A262-754885D1EC87}.Release|Any CPU.ActiveCfg = Release|Any CPU
		{DCBAAA64-90A7-4C2D-A262-754885D1EC87}.Release|Any CPU.Build.0 = Release|Any CPU
	EndGlobalSection
	GlobalSection(SolutionProperties) = preSolution
		HideSolutionNode = FALSE
	EndGlobalSection
EndGlobal
